Microsoft Visual Studio Solution File, Format Version 12.00
# Visual Studio Version 17
VisualStudioVersion = 17.5.2.0
MinimumVisualStudioVersion = 10.0.40219.1
Project("{FAE04EC0-301F-11D3-BF4B-00C04F79EFBC}") = "LocadoraAPI", "LocadoraAPI.csproj", "{777AAE60-4BDF-5406-5155-4E55F3DB8D4E}"
EndProject
Global
	GlobalSection(SolutionConfigurationPlatforms) = preSolution
		Debug|Any CPU = Debug|Any CPU
		Release|Any CPU = Release|Any CPU
	EndGlobalSection
	GlobalSection(ProjectConfigurationPlatforms) = postSolution
		{777AAE60-4BDF-5406-5155-4E55F3DB8D4E}.Debug|Any CPU.ActiveCfg = Debug|Any CPU
		{777AAE60-4BDF-5406-5155-4E55F3DB8D4E}.Debug|Any CPU.Build.0 = Debug|Any CPU
		{777AAE60-4BDF-5406-5155-4E55F3DB8D4E}.Release|Any CPU.ActiveCfg = Release|Any CPU
		{777AAE60-4BDF-5406-5155-4E55F3DB8D4E}.Release|Any CPU.Build.0 = Release|Any CPU
	EndGlobalSection
	GlobalSection(SolutionProperties) = preSolution
		HideSolutionNode = FALSE
	EndGlobalSection
	GlobalSection(ExtensibilityGlobals) = postSolution
		SolutionGuid = {F14E2A70-5B39-46EF-8C36-8A8077FBEFA8}
	EndGlobalSection
EndGlobal
